
Microsoft Visual Studio Solution File, Format Version 12.00
# Visual Studio Version 16
VisualStudioVersion = 16.0.29920.165
MinimumVisualStudioVersion = 10.0.40219.1
Project("{FAE04EC0-301F-11D3-BF4B-00C04F79EFBC}") = "QHAQFWS.Model", "QHAQFWS.Model\QHAQFWS.Model.csproj", "{33758F52-B21E-4771-9B71-62ABA8CD9589}"
EndProject
Project("{FAE04EC0-301F-11D3-BF4B-00C04F79EFBC}") = "QHAQFWS.Basic", "QHAQFWS.Basic\QHAQFWS.Basic.csproj", "{22066EC0-24A6-4781-B8B0-F257DAB3341A}"
EndProject
Project("{FAE04EC0-301F-11D3-BF4B-00C04F79EFBC}") = "QHAQFWS.Core", "QHAQFWS.Core\QHAQFWS.Core.csproj", "{184563F5-55E3-43A6-81D1-14E3D667DF2F}"
EndProject
Project("{FAE04EC0-301F-11D3-BF4B-00C04F79EFBC}") = "QHAQFWS.Service", "QHAQFWS.Service\QHAQFWS.Service.csproj", "{A64E4C60-9A82-40AF-BB2C-6F05856BFCFA}"
EndProject
Project("{FAE04EC0-301F-11D3-BF4B-00C04F79EFBC}") = "QHAQFWS.UnitTest", "QHAQFWS.UnitTest\QHAQFWS.UnitTest.csproj", "{44A77B7C-9559-437D-87DF-3AED86DA8438}"
EndProject
Project("{FAE04EC0-301F-11D3-BF4B-00C04F79EFBC}") = "QHAQFWS.WPF", "QHAQFWS.WPF\QHAQFWS.WPF.csproj", "{7EAC8C9D-C236-43FF-B33D-B8652ADCAE45}"
EndProject
Global
	GlobalSection(SolutionConfigurationPlatforms) = preSolution
		Debug|Any CPU = Debug|Any CPU
		Release|Any CPU = Release|Any CPU
	EndGlobalSection
	GlobalSection(ProjectConfigurationPlatforms) = postSolution
		{33758F52-B21E-4771-9B71-62ABA8CD9589}.Debug|Any CPU.ActiveCfg = Debug|Any CPU
		{33758F52-B21E-4771-9B71-62ABA8CD9589}.Debug|Any CPU.Build.0 = Debug|Any CPU
		{33758F52-B21E-4771-9B71-62ABA8CD9589}.Release|Any CPU.ActiveCfg = Release|Any CPU
		{33758F52-B21E-4771-9B71-62ABA8CD9589}.Release|Any CPU.Build.0 = Release|Any CPU
		{22066EC0-24A6-4781-B8B0-F257DAB3341A}.Debug|Any CPU.ActiveCfg = Debug|Any CPU
		{22066EC0-24A6-4781-B8B0-F257DAB3341A}.Debug|Any CPU.Build.0 = Debug|Any CPU
		{22066EC0-24A6-4781-B8B0-F257DAB3341A}.Release|Any CPU.ActiveCfg = Release|Any CPU
		{22066EC0-24A6-4781-B8B0-F257DAB3341A}.Release|Any CPU.Build.0 = Release|Any CPU
		{184563F5-55E3-43A6-81D1-14E3D667DF2F}.Debug|Any CPU.ActiveCfg = Debug|Any CPU
		{184563F5-55E3-43A6-81D1-14E3D667DF2F}.Debug|Any CPU.Build.0 = Debug|Any CPU
		{184563F5-55E3-43A6-81D1-14E3D667DF2F}.Release|Any CPU.ActiveCfg = Release|Any CPU
		{184563F5-55E3-43A6-81D1-14E3D667DF2F}.Release|Any CPU.Build.0 = Release|Any CPU
		{A64E4C60-9A82-40AF-BB2C-6F05856BFCFA}.Debug|Any CPU.ActiveCfg = Debug|Any CPU
		{A64E4C60-9A82-40AF-BB2C-6F05856BFCFA}.Debug|Any CPU.Build.0 = Debug|Any CPU
		{A64E4C60-9A82-40AF-BB2C-6F05856BFCFA}.Release|Any CPU.ActiveCfg = Release|Any CPU
		{A64E4C60-9A82-40AF-BB2C-6F05856BFCFA}.Release|Any CPU.Build.0 = Release|Any CPU
		{44A77B7C-9559-437D-87DF-3AED86DA8438}.Debug|Any CPU.ActiveCfg = Debug|Any CPU
		{44A77B7C-9559-437D-87DF-3AED86DA8438}.Debug|Any CPU.Build.0 = Debug|Any CPU
		{44A77B7C-9559-437D-87DF-3AED86DA8438}.Release|Any CPU.ActiveCfg = Release|Any CPU
		{44A77B7C-9559-437D-87DF-3AED86DA8438}.Release|Any CPU.Build.0 = Release|Any CPU
		{7EAC8C9D-C236-43FF-B33D-B8652ADCAE45}.Debug|Any CPU.ActiveCfg = Debug|Any CPU
		{7EAC8C9D-C236-43FF-B33D-B8652ADCAE45}.Debug|Any CPU.Build.0 = Debug|Any CPU
		{7EAC8C9D-C236-43FF-B33D-B8652ADCAE45}.Release|Any CPU.ActiveCfg = Release|Any CPU
		{7EAC8C9D-C236-43FF-B33D-B8652ADCAE45}.Release|Any CPU.Build.0 = Release|Any CPU
	EndGlobalSection
	GlobalSection(SolutionProperties) = preSolution
		HideSolutionNode = FALSE
	EndGlobalSection
	GlobalSection(ExtensibilityGlobals) = postSolution
		SolutionGuid = {2B757DFD-A02E-4B8E-AD17-54A46908F5CC}
	EndGlobalSection
EndGlobal
